// !$*UTF8*$!
{
	archiveVersion = 1;
	classes = {
	};
	objectVersion = 50;
	objects = {

/* Begin PBXBuildFile section */
<<<<<<< HEAD
		6822A1C424B05C8A00D92241 /* main.m in Sources */ = {isa = PBXBuildFile; fileRef = 6822A1C324B05C8A00D92241 /* main.m */; };
/* End PBXBuildFile section */

/* Begin PBXCopyFilesBuildPhase section */
		6822A1BE24B05C8A00D92241 /* CopyFiles */ = {
=======
		845F646324ADAC42006A93F4 /* main.m in Sources */ = {isa = PBXBuildFile; fileRef = 845F646224ADAC42006A93F4 /* main.m */; };
		845F646B24ADAC7B006A93F4 /* libobjc.A.dylib in Frameworks */ = {isa = PBXBuildFile; fileRef = 845F646A24ADAC7B006A93F4 /* libobjc.A.dylib */; };
		845F647A24ADACA1006A93F4 /* Student.m in Sources */ = {isa = PBXBuildFile; fileRef = 845F647124ADACA1006A93F4 /* Student.m */; };
		845F647B24ADACA1006A93F4 /* Student+Student.m in Sources */ = {isa = PBXBuildFile; fileRef = 845F647324ADACA1006A93F4 /* Student+Student.m */; };
		845F647C24ADACA1006A93F4 /* Tool.m in Sources */ = {isa = PBXBuildFile; fileRef = 845F647424ADACA1006A93F4 /* Tool.m */; };
		845F647D24ADACA1006A93F4 /* Person.m in Sources */ = {isa = PBXBuildFile; fileRef = 845F647524ADACA1006A93F4 /* Person.m */; };
		845F647E24ADACA1006A93F4 /* Test.mm in Sources */ = {isa = PBXBuildFile; fileRef = 845F647824ADACA1006A93F4 /* Test.mm */; };
		845F648124ADBD77006A93F4 /* NSObject+Student.m in Sources */ = {isa = PBXBuildFile; fileRef = 845F648024ADBD77006A93F4 /* NSObject+Student.m */; };
/* End PBXBuildFile section */

/* Begin PBXCopyFilesBuildPhase section */
		845F645D24ADAC42006A93F4 /* CopyFiles */ = {
>>>>>>> 4f9552190439b57301d27f97fbb7f83c48d0e9e3
			isa = PBXCopyFilesBuildPhase;
			buildActionMask = 2147483647;
			dstPath = /usr/share/man/man1/;
			dstSubfolderSpec = 0;
			files = (
			);
			runOnlyForDeploymentPostprocessing = 1;
		};
/* End PBXCopyFilesBuildPhase section */

/* Begin PBXFileReference section */
<<<<<<< HEAD
		6822A1C024B05C8A00D92241 /* MyTests */ = {isa = PBXFileReference; explicitFileType = "compiled.mach-o.executable"; includeInIndex = 0; path = MyTests; sourceTree = BUILT_PRODUCTS_DIR; };
		6822A1C324B05C8A00D92241 /* main.m */ = {isa = PBXFileReference; lastKnownFileType = sourcecode.c.objc; path = main.m; sourceTree = "<group>"; };
		6822A1CA24B0611300D92241 /* main.cpp */ = {isa = PBXFileReference; lastKnownFileType = sourcecode.cpp.cpp; path = main.cpp; sourceTree = "<group>"; };
/* End PBXFileReference section */

/* Begin PBXFrameworksBuildPhase section */
		6822A1BD24B05C8A00D92241 /* Frameworks */ = {
			isa = PBXFrameworksBuildPhase;
			buildActionMask = 2147483647;
			files = (
=======
		845F645F24ADAC42006A93F4 /* MyTests */ = {isa = PBXFileReference; explicitFileType = "compiled.mach-o.executable"; includeInIndex = 0; path = MyTests; sourceTree = BUILT_PRODUCTS_DIR; };
		845F646224ADAC42006A93F4 /* main.m */ = {isa = PBXFileReference; lastKnownFileType = sourcecode.c.objc; path = main.m; sourceTree = "<group>"; };
		845F646A24ADAC7B006A93F4 /* libobjc.A.dylib */ = {isa = PBXFileReference; explicitFileType = "compiled.mach-o.dylib"; path = libobjc.A.dylib; sourceTree = BUILT_PRODUCTS_DIR; };
		845F646D24ADACA1006A93F4 /* Test.cpp */ = {isa = PBXFileReference; fileEncoding = 4; lastKnownFileType = sourcecode.cpp.cpp; path = Test.cpp; sourceTree = "<group>"; };
		845F646E24ADACA1006A93F4 /* Student+Student.h */ = {isa = PBXFileReference; fileEncoding = 4; lastKnownFileType = sourcecode.c.h; path = "Student+Student.h"; sourceTree = "<group>"; };
		845F646F24ADACA1006A93F4 /* Tool.h */ = {isa = PBXFileReference; fileEncoding = 4; lastKnownFileType = sourcecode.c.h; path = Tool.h; sourceTree = "<group>"; };
		845F647024ADACA1006A93F4 /* Student.h */ = {isa = PBXFileReference; fileEncoding = 4; lastKnownFileType = sourcecode.c.h; path = Student.h; sourceTree = "<group>"; };
		845F647124ADACA1006A93F4 /* Student.m */ = {isa = PBXFileReference; fileEncoding = 4; lastKnownFileType = sourcecode.c.objc; path = Student.m; sourceTree = "<group>"; };
		845F647224ADACA1006A93F4 /* Person.h */ = {isa = PBXFileReference; fileEncoding = 4; lastKnownFileType = sourcecode.c.h; path = Person.h; sourceTree = "<group>"; };
		845F647324ADACA1006A93F4 /* Student+Student.m */ = {isa = PBXFileReference; fileEncoding = 4; lastKnownFileType = sourcecode.c.objc; path = "Student+Student.m"; sourceTree = "<group>"; };
		845F647424ADACA1006A93F4 /* Tool.m */ = {isa = PBXFileReference; fileEncoding = 4; lastKnownFileType = sourcecode.c.objc; path = Tool.m; sourceTree = "<group>"; };
		845F647524ADACA1006A93F4 /* Person.m */ = {isa = PBXFileReference; fileEncoding = 4; lastKnownFileType = sourcecode.c.objc; path = Person.m; sourceTree = "<group>"; };
		845F647624ADACA1006A93F4 /* Test.h */ = {isa = PBXFileReference; fileEncoding = 4; lastKnownFileType = sourcecode.c.h; path = Test.h; sourceTree = "<group>"; };
		845F647724ADACA1006A93F4 /* MJClassInfo.h */ = {isa = PBXFileReference; fileEncoding = 4; lastKnownFileType = sourcecode.c.h; path = MJClassInfo.h; sourceTree = "<group>"; };
		845F647824ADACA1006A93F4 /* Test.mm */ = {isa = PBXFileReference; fileEncoding = 4; lastKnownFileType = sourcecode.cpp.objcpp; path = Test.mm; sourceTree = "<group>"; };
		845F647F24ADBD77006A93F4 /* NSObject+Student.h */ = {isa = PBXFileReference; lastKnownFileType = sourcecode.c.h; path = "NSObject+Student.h"; sourceTree = "<group>"; };
		845F648024ADBD77006A93F4 /* NSObject+Student.m */ = {isa = PBXFileReference; lastKnownFileType = sourcecode.c.objc; path = "NSObject+Student.m"; sourceTree = "<group>"; };
/* End PBXFileReference section */

/* Begin PBXFrameworksBuildPhase section */
		845F645C24ADAC42006A93F4 /* Frameworks */ = {
			isa = PBXFrameworksBuildPhase;
			buildActionMask = 2147483647;
			files = (
				845F646B24ADAC7B006A93F4 /* libobjc.A.dylib in Frameworks */,
>>>>>>> 4f9552190439b57301d27f97fbb7f83c48d0e9e3
			);
			runOnlyForDeploymentPostprocessing = 0;
		};
/* End PBXFrameworksBuildPhase section */

/* Begin PBXGroup section */
<<<<<<< HEAD
		6822A1B724B05C8A00D92241 = {
			isa = PBXGroup;
			children = (
				6822A1C224B05C8A00D92241 /* MyTests */,
				6822A1C124B05C8A00D92241 /* Products */,
			);
			sourceTree = "<group>";
		};
		6822A1C124B05C8A00D92241 /* Products */ = {
			isa = PBXGroup;
			children = (
				6822A1C024B05C8A00D92241 /* MyTests */,
=======
		845F645624ADAC42006A93F4 = {
			isa = PBXGroup;
			children = (
				845F646124ADAC42006A93F4 /* MyTests */,
				845F646024ADAC42006A93F4 /* Products */,
				845F646924ADAC7B006A93F4 /* Frameworks */,
			);
			sourceTree = "<group>";
		};
		845F646024ADAC42006A93F4 /* Products */ = {
			isa = PBXGroup;
			children = (
				845F645F24ADAC42006A93F4 /* MyTests */,
>>>>>>> 4f9552190439b57301d27f97fbb7f83c48d0e9e3
			);
			name = Products;
			sourceTree = "<group>";
		};
<<<<<<< HEAD
		6822A1C224B05C8A00D92241 /* MyTests */ = {
			isa = PBXGroup;
			children = (
				6822A1C324B05C8A00D92241 /* main.m */,
				6822A1CA24B0611300D92241 /* main.cpp */,
=======
		845F646124ADAC42006A93F4 /* MyTests */ = {
			isa = PBXGroup;
			children = (
				845F646224ADAC42006A93F4 /* main.m */,
				845F646C24ADAC93006A93F4 /* src */,
>>>>>>> 4f9552190439b57301d27f97fbb7f83c48d0e9e3
			);
			path = MyTests;
			sourceTree = "<group>";
		};
<<<<<<< HEAD
/* End PBXGroup section */

/* Begin PBXNativeTarget section */
		6822A1BF24B05C8A00D92241 /* MyTests */ = {
			isa = PBXNativeTarget;
			buildConfigurationList = 6822A1C724B05C8A00D92241 /* Build configuration list for PBXNativeTarget "MyTests" */;
			buildPhases = (
				6822A1BC24B05C8A00D92241 /* Sources */,
				6822A1BD24B05C8A00D92241 /* Frameworks */,
				6822A1BE24B05C8A00D92241 /* CopyFiles */,
=======
		845F646924ADAC7B006A93F4 /* Frameworks */ = {
			isa = PBXGroup;
			children = (
				845F646A24ADAC7B006A93F4 /* libobjc.A.dylib */,
			);
			name = Frameworks;
			sourceTree = "<group>";
		};
		845F646C24ADAC93006A93F4 /* src */ = {
			isa = PBXGroup;
			children = (
				845F647724ADACA1006A93F4 /* MJClassInfo.h */,
				845F647224ADACA1006A93F4 /* Person.h */,
				845F647524ADACA1006A93F4 /* Person.m */,
				845F647024ADACA1006A93F4 /* Student.h */,
				845F647124ADACA1006A93F4 /* Student.m */,
				845F646E24ADACA1006A93F4 /* Student+Student.h */,
				845F647324ADACA1006A93F4 /* Student+Student.m */,
				845F646D24ADACA1006A93F4 /* Test.cpp */,
				845F647624ADACA1006A93F4 /* Test.h */,
				845F647824ADACA1006A93F4 /* Test.mm */,
				845F646F24ADACA1006A93F4 /* Tool.h */,
				845F647424ADACA1006A93F4 /* Tool.m */,
				845F647F24ADBD77006A93F4 /* NSObject+Student.h */,
				845F648024ADBD77006A93F4 /* NSObject+Student.m */,
			);
			path = src;
			sourceTree = "<group>";
		};
/* End PBXGroup section */

/* Begin PBXNativeTarget section */
		845F645E24ADAC42006A93F4 /* MyTests */ = {
			isa = PBXNativeTarget;
			buildConfigurationList = 845F646624ADAC42006A93F4 /* Build configuration list for PBXNativeTarget "MyTests" */;
			buildPhases = (
				845F645B24ADAC42006A93F4 /* Sources */,
				845F645C24ADAC42006A93F4 /* Frameworks */,
				845F645D24ADAC42006A93F4 /* CopyFiles */,
>>>>>>> 4f9552190439b57301d27f97fbb7f83c48d0e9e3
			);
			buildRules = (
			);
			dependencies = (
			);
			name = MyTests;
			productName = MyTests;
<<<<<<< HEAD
			productReference = 6822A1C024B05C8A00D92241 /* MyTests */;
=======
			productReference = 845F645F24ADAC42006A93F4 /* MyTests */;
>>>>>>> 4f9552190439b57301d27f97fbb7f83c48d0e9e3
			productType = "com.apple.product-type.tool";
		};
/* End PBXNativeTarget section */

/* Begin PBXProject section */
<<<<<<< HEAD
		6822A1B824B05C8A00D92241 /* Project object */ = {
			isa = PBXProject;
			attributes = {
				LastUpgradeCheck = 1150;
				ORGANIZATIONNAME = anonymous;
				TargetAttributes = {
					6822A1BF24B05C8A00D92241 = {
						CreatedOnToolsVersion = 11.5;
					};
				};
			};
			buildConfigurationList = 6822A1BB24B05C8A00D92241 /* Build configuration list for PBXProject "MyTests" */;
=======
		845F645724ADAC42006A93F4 /* Project object */ = {
			isa = PBXProject;
			attributes = {
				LastUpgradeCheck = 1140;
				ORGANIZATIONNAME = Admin;
				TargetAttributes = {
					845F645E24ADAC42006A93F4 = {
						CreatedOnToolsVersion = 11.4;
					};
				};
			};
			buildConfigurationList = 845F645A24ADAC42006A93F4 /* Build configuration list for PBXProject "MyTests" */;
>>>>>>> 4f9552190439b57301d27f97fbb7f83c48d0e9e3
			compatibilityVersion = "Xcode 9.3";
			developmentRegion = en;
			hasScannedForEncodings = 0;
			knownRegions = (
				en,
				Base,
			);
<<<<<<< HEAD
			mainGroup = 6822A1B724B05C8A00D92241;
			productRefGroup = 6822A1C124B05C8A00D92241 /* Products */;
			projectDirPath = "";
			projectRoot = "";
			targets = (
				6822A1BF24B05C8A00D92241 /* MyTests */,
=======
			mainGroup = 845F645624ADAC42006A93F4;
			productRefGroup = 845F646024ADAC42006A93F4 /* Products */;
			projectDirPath = "";
			projectRoot = "";
			targets = (
				845F645E24ADAC42006A93F4 /* MyTests */,
>>>>>>> 4f9552190439b57301d27f97fbb7f83c48d0e9e3
			);
		};
/* End PBXProject section */

/* Begin PBXSourcesBuildPhase section */
<<<<<<< HEAD
		6822A1BC24B05C8A00D92241 /* Sources */ = {
			isa = PBXSourcesBuildPhase;
			buildActionMask = 2147483647;
			files = (
				6822A1C424B05C8A00D92241 /* main.m in Sources */,
=======
		845F645B24ADAC42006A93F4 /* Sources */ = {
			isa = PBXSourcesBuildPhase;
			buildActionMask = 2147483647;
			files = (
				845F647D24ADACA1006A93F4 /* Person.m in Sources */,
				845F647C24ADACA1006A93F4 /* Tool.m in Sources */,
				845F646324ADAC42006A93F4 /* main.m in Sources */,
				845F647B24ADACA1006A93F4 /* Student+Student.m in Sources */,
				845F648124ADBD77006A93F4 /* NSObject+Student.m in Sources */,
				845F647A24ADACA1006A93F4 /* Student.m in Sources */,
				845F647E24ADACA1006A93F4 /* Test.mm in Sources */,
>>>>>>> 4f9552190439b57301d27f97fbb7f83c48d0e9e3
			);
			runOnlyForDeploymentPostprocessing = 0;
		};
/* End PBXSourcesBuildPhase section */

/* Begin XCBuildConfiguration section */
<<<<<<< HEAD
		6822A1C524B05C8A00D92241 /* Debug */ = {
=======
		845F646424ADAC42006A93F4 /* Debug */ = {
>>>>>>> 4f9552190439b57301d27f97fbb7f83c48d0e9e3
			isa = XCBuildConfiguration;
			buildSettings = {
				ALWAYS_SEARCH_USER_PATHS = NO;
				CLANG_ANALYZER_NONNULL = YES;
				CLANG_ANALYZER_NUMBER_OBJECT_CONVERSION = YES_AGGRESSIVE;
				CLANG_CXX_LANGUAGE_STANDARD = "gnu++14";
				CLANG_CXX_LIBRARY = "libc++";
				CLANG_ENABLE_MODULES = YES;
				CLANG_ENABLE_OBJC_ARC = YES;
				CLANG_ENABLE_OBJC_WEAK = YES;
				CLANG_WARN_BLOCK_CAPTURE_AUTORELEASING = YES;
				CLANG_WARN_BOOL_CONVERSION = YES;
				CLANG_WARN_COMMA = YES;
				CLANG_WARN_CONSTANT_CONVERSION = YES;
				CLANG_WARN_DEPRECATED_OBJC_IMPLEMENTATIONS = YES;
				CLANG_WARN_DIRECT_OBJC_ISA_USAGE = YES_ERROR;
				CLANG_WARN_DOCUMENTATION_COMMENTS = YES;
				CLANG_WARN_EMPTY_BODY = YES;
				CLANG_WARN_ENUM_CONVERSION = YES;
				CLANG_WARN_INFINITE_RECURSION = YES;
				CLANG_WARN_INT_CONVERSION = YES;
				CLANG_WARN_NON_LITERAL_NULL_CONVERSION = YES;
				CLANG_WARN_OBJC_IMPLICIT_RETAIN_SELF = YES;
				CLANG_WARN_OBJC_LITERAL_CONVERSION = YES;
				CLANG_WARN_OBJC_ROOT_CLASS = YES_ERROR;
				CLANG_WARN_RANGE_LOOP_ANALYSIS = YES;
				CLANG_WARN_STRICT_PROTOTYPES = YES;
				CLANG_WARN_SUSPICIOUS_MOVE = YES;
				CLANG_WARN_UNGUARDED_AVAILABILITY = YES_AGGRESSIVE;
				CLANG_WARN_UNREACHABLE_CODE = YES;
				CLANG_WARN__DUPLICATE_METHOD_MATCH = YES;
				COPY_PHASE_STRIP = NO;
				DEBUG_INFORMATION_FORMAT = dwarf;
				ENABLE_STRICT_OBJC_MSGSEND = YES;
				ENABLE_TESTABILITY = YES;
				GCC_C_LANGUAGE_STANDARD = gnu11;
				GCC_DYNAMIC_NO_PIC = NO;
				GCC_NO_COMMON_BLOCKS = YES;
				GCC_OPTIMIZATION_LEVEL = 0;
				GCC_PREPROCESSOR_DEFINITIONS = (
					"DEBUG=1",
					"$(inherited)",
				);
				GCC_WARN_64_TO_32_BIT_CONVERSION = YES;
				GCC_WARN_ABOUT_RETURN_TYPE = YES_ERROR;
				GCC_WARN_UNDECLARED_SELECTOR = YES;
				GCC_WARN_UNINITIALIZED_AUTOS = YES_AGGRESSIVE;
				GCC_WARN_UNUSED_FUNCTION = YES;
				GCC_WARN_UNUSED_VARIABLE = YES;
				MACOSX_DEPLOYMENT_TARGET = 10.15;
				MTL_ENABLE_DEBUG_INFO = INCLUDE_SOURCE;
				MTL_FAST_MATH = YES;
				ONLY_ACTIVE_ARCH = YES;
				SDKROOT = macosx;
			};
			name = Debug;
		};
<<<<<<< HEAD
		6822A1C624B05C8A00D92241 /* Release */ = {
=======
		845F646524ADAC42006A93F4 /* Release */ = {
>>>>>>> 4f9552190439b57301d27f97fbb7f83c48d0e9e3
			isa = XCBuildConfiguration;
			buildSettings = {
				ALWAYS_SEARCH_USER_PATHS = NO;
				CLANG_ANALYZER_NONNULL = YES;
				CLANG_ANALYZER_NUMBER_OBJECT_CONVERSION = YES_AGGRESSIVE;
				CLANG_CXX_LANGUAGE_STANDARD = "gnu++14";
				CLANG_CXX_LIBRARY = "libc++";
				CLANG_ENABLE_MODULES = YES;
				CLANG_ENABLE_OBJC_ARC = YES;
				CLANG_ENABLE_OBJC_WEAK = YES;
				CLANG_WARN_BLOCK_CAPTURE_AUTORELEASING = YES;
				CLANG_WARN_BOOL_CONVERSION = YES;
				CLANG_WARN_COMMA = YES;
				CLANG_WARN_CONSTANT_CONVERSION = YES;
				CLANG_WARN_DEPRECATED_OBJC_IMPLEMENTATIONS = YES;
				CLANG_WARN_DIRECT_OBJC_ISA_USAGE = YES_ERROR;
				CLANG_WARN_DOCUMENTATION_COMMENTS = YES;
				CLANG_WARN_EMPTY_BODY = YES;
				CLANG_WARN_ENUM_CONVERSION = YES;
				CLANG_WARN_INFINITE_RECURSION = YES;
				CLANG_WARN_INT_CONVERSION = YES;
				CLANG_WARN_NON_LITERAL_NULL_CONVERSION = YES;
				CLANG_WARN_OBJC_IMPLICIT_RETAIN_SELF = YES;
				CLANG_WARN_OBJC_LITERAL_CONVERSION = YES;
				CLANG_WARN_OBJC_ROOT_CLASS = YES_ERROR;
				CLANG_WARN_RANGE_LOOP_ANALYSIS = YES;
				CLANG_WARN_STRICT_PROTOTYPES = YES;
				CLANG_WARN_SUSPICIOUS_MOVE = YES;
				CLANG_WARN_UNGUARDED_AVAILABILITY = YES_AGGRESSIVE;
				CLANG_WARN_UNREACHABLE_CODE = YES;
				CLANG_WARN__DUPLICATE_METHOD_MATCH = YES;
				COPY_PHASE_STRIP = NO;
				DEBUG_INFORMATION_FORMAT = "dwarf-with-dsym";
				ENABLE_NS_ASSERTIONS = NO;
				ENABLE_STRICT_OBJC_MSGSEND = YES;
				GCC_C_LANGUAGE_STANDARD = gnu11;
				GCC_NO_COMMON_BLOCKS = YES;
				GCC_WARN_64_TO_32_BIT_CONVERSION = YES;
				GCC_WARN_ABOUT_RETURN_TYPE = YES_ERROR;
				GCC_WARN_UNDECLARED_SELECTOR = YES;
				GCC_WARN_UNINITIALIZED_AUTOS = YES_AGGRESSIVE;
				GCC_WARN_UNUSED_FUNCTION = YES;
				GCC_WARN_UNUSED_VARIABLE = YES;
				MACOSX_DEPLOYMENT_TARGET = 10.15;
				MTL_ENABLE_DEBUG_INFO = NO;
				MTL_FAST_MATH = YES;
				SDKROOT = macosx;
			};
			name = Release;
		};
<<<<<<< HEAD
		6822A1C824B05C8A00D92241 /* Debug */ = {
=======
		845F646724ADAC42006A93F4 /* Debug */ = {
>>>>>>> 4f9552190439b57301d27f97fbb7f83c48d0e9e3
			isa = XCBuildConfiguration;
			buildSettings = {
				CODE_SIGN_STYLE = Automatic;
				PRODUCT_NAME = "$(TARGET_NAME)";
			};
			name = Debug;
		};
<<<<<<< HEAD
		6822A1C924B05C8A00D92241 /* Release */ = {
=======
		845F646824ADAC42006A93F4 /* Release */ = {
>>>>>>> 4f9552190439b57301d27f97fbb7f83c48d0e9e3
			isa = XCBuildConfiguration;
			buildSettings = {
				CODE_SIGN_STYLE = Automatic;
				PRODUCT_NAME = "$(TARGET_NAME)";
			};
			name = Release;
		};
/* End XCBuildConfiguration section */

/* Begin XCConfigurationList section */
<<<<<<< HEAD
		6822A1BB24B05C8A00D92241 /* Build configuration list for PBXProject "MyTests" */ = {
			isa = XCConfigurationList;
			buildConfigurations = (
				6822A1C524B05C8A00D92241 /* Debug */,
				6822A1C624B05C8A00D92241 /* Release */,
=======
		845F645A24ADAC42006A93F4 /* Build configuration list for PBXProject "MyTests" */ = {
			isa = XCConfigurationList;
			buildConfigurations = (
				845F646424ADAC42006A93F4 /* Debug */,
				845F646524ADAC42006A93F4 /* Release */,
>>>>>>> 4f9552190439b57301d27f97fbb7f83c48d0e9e3
			);
			defaultConfigurationIsVisible = 0;
			defaultConfigurationName = Release;
		};
<<<<<<< HEAD
		6822A1C724B05C8A00D92241 /* Build configuration list for PBXNativeTarget "MyTests" */ = {
			isa = XCConfigurationList;
			buildConfigurations = (
				6822A1C824B05C8A00D92241 /* Debug */,
				6822A1C924B05C8A00D92241 /* Release */,
=======
		845F646624ADAC42006A93F4 /* Build configuration list for PBXNativeTarget "MyTests" */ = {
			isa = XCConfigurationList;
			buildConfigurations = (
				845F646724ADAC42006A93F4 /* Debug */,
				845F646824ADAC42006A93F4 /* Release */,
>>>>>>> 4f9552190439b57301d27f97fbb7f83c48d0e9e3
			);
			defaultConfigurationIsVisible = 0;
			defaultConfigurationName = Release;
		};
/* End XCConfigurationList section */
	};
<<<<<<< HEAD
	rootObject = 6822A1B824B05C8A00D92241 /* Project object */;
=======
	rootObject = 845F645724ADAC42006A93F4 /* Project object */;
>>>>>>> 4f9552190439b57301d27f97fbb7f83c48d0e9e3
}
